// !$*UTF8*$!
{
	archiveVersion = 1;
	classes = {
	};
	objectVersion = 56;
	objects = {

/* Begin PBXBuildFile section */
		33A1563C2BF23D4B0043F8D7 /* customCollectionView.swift in Sources */ = {isa = PBXBuildFile; fileRef = 33A1563B2BF23D4B0043F8D7 /* customCollectionView.swift */; };
		33A1563E2BF23D880043F8D7 /* customTabelView.swift in Sources */ = {isa = PBXBuildFile; fileRef = 33A1563D2BF23D880043F8D7 /* customTabelView.swift */; };
		33A156402BF24B4D0043F8D7 /* customCollectionViewCell.swift in Sources */ = {isa = PBXBuildFile; fileRef = 33A1563F2BF24B4D0043F8D7 /* customCollectionViewCell.swift */; };
		33A156422BF24FF90043F8D7 /* ApiData.swift in Sources */ = {isa = PBXBuildFile; fileRef = 33A156412BF24FF90043F8D7 /* ApiData.swift */; };
		33ABCE452BEFB92800BB29D9 /* AppDelegate.swift in Sources */ = {isa = PBXBuildFile; fileRef = 33ABCE442BEFB92800BB29D9 /* AppDelegate.swift */; };
		33ABCE472BEFB92800BB29D9 /* SceneDelegate.swift in Sources */ = {isa = PBXBuildFile; fileRef = 33ABCE462BEFB92800BB29D9 /* SceneDelegate.swift */; };
		33ABCE492BEFB92800BB29D9 /* ViewController.swift in Sources */ = {isa = PBXBuildFile; fileRef = 33ABCE482BEFB92800BB29D9 /* ViewController.swift */; };
		33ABCE4C2BEFB92800BB29D9 /* Base in Resources */ = {isa = PBXBuildFile; fileRef = 33ABCE4B2BEFB92800BB29D9 /* Base */; };
		33ABCE4E2BEFB92B00BB29D9 /* Assets.xcassets in Resources */ = {isa = PBXBuildFile; fileRef = 33ABCE4D2BEFB92B00BB29D9 /* Assets.xcassets */; };
		33ABCE512BEFB92B00BB29D9 /* Base in Resources */ = {isa = PBXBuildFile; fileRef = 33ABCE502BEFB92B00BB29D9 /* Base */; };
/* End PBXBuildFile section */

/* Begin PBXFileReference section */
		33A1563B2BF23D4B0043F8D7 /* customCollectionView.swift */ = {isa = PBXFileReference; lastKnownFileType = sourcecode.swift; path = customCollectionView.swift; sourceTree = "<group>"; };
		33A1563D2BF23D880043F8D7 /* customTabelView.swift */ = {isa = PBXFileReference; lastKnownFileType = sourcecode.swift; path = customTabelView.swift; sourceTree = "<group>"; };
		33A1563F2BF24B4D0043F8D7 /* customCollectionViewCell.swift */ = {isa = PBXFileReference; lastKnownFileType = sourcecode.swift; path = customCollectionViewCell.swift; sourceTree = "<group>"; };
		33A156412BF24FF90043F8D7 /* ApiData.swift */ = {isa = PBXFileReference; lastKnownFileType = sourcecode.swift; path = ApiData.swift; sourceTree = "<group>"; };
		33ABCE412BEFB92800BB29D9 /* Tabbar With collectionView TableView.app */ = {isa = PBXFileReference; explicitFileType = wrapper.application; includeInIndex = 0; path = "Tabbar With collectionView TableView.app"; sourceTree = BUILT_PRODUCTS_DIR; };
		33ABCE442BEFB92800BB29D9 /* AppDelegate.swift */ = {isa = PBXFileReference; lastKnownFileType = sourcecode.swift; path = AppDelegate.swift; sourceTree = "<group>"; };
		33ABCE462BEFB92800BB29D9 /* SceneDelegate.swift */ = {isa = PBXFileReference; lastKnownFileType = sourcecode.swift; path = SceneDelegate.swift; sourceTree = "<group>"; };
		33ABCE482BEFB92800BB29D9 /* ViewController.swift */ = {isa = PBXFileReference; lastKnownFileType = sourcecode.swift; path = ViewController.swift; sourceTree = "<group>"; };
		33ABCE4B2BEFB92800BB29D9 /* Base */ = {isa = PBXFileReference; lastKnownFileType = file.storyboard; name = Base; path = Base.lproj/Main.storyboard; sourceTree = "<group>"; };
		33ABCE4D2BEFB92B00BB29D9 /* Assets.xcassets */ = {isa = PBXFileReference; lastKnownFileType = folder.assetcatalog; path = Assets.xcassets; sourceTree = "<group>"; };
		33ABCE502BEFB92B00BB29D9 /* Base */ = {isa = PBXFileReference; lastKnownFileType = file.storyboard; name = Base; path = Base.lproj/LaunchScreen.storyboard; sourceTree = "<group>"; };
		33ABCE522BEFB92B00BB29D9 /* Info.plist */ = {isa = PBXFileReference; lastKnownFileType = text.plist.xml; path = Info.plist; sourceTree = "<group>"; };
/* End PBXFileReference section */

/* Begin PBXFrameworksBuildPhase section */
		33ABCE3E2BEFB92800BB29D9 /* Frameworks */ = {
			isa = PBXFrameworksBuildPhase;
			buildActionMask = 2147483647;
			files = (
			);
			runOnlyForDeploymentPostprocessing = 0;
		};
/* End PBXFrameworksBuildPhase section */

/* Begin PBXGroup section */
		33ABCE382BEFB92800BB29D9 = {
			isa = PBXGroup;
			children = (
				33ABCE432BEFB92800BB29D9 /* Tabbar With collectionView TableView */,
				33ABCE422BEFB92800BB29D9 /* Products */,
			);
			sourceTree = "<group>";
		};
		33ABCE422BEFB92800BB29D9 /* Products */ = {
			isa = PBXGroup;
			children = (
				33ABCE412BEFB92800BB29D9 /* Tabbar With collectionView TableView.app */,
			);
			name = Products;
			sourceTree = "<group>";
		};
		33ABCE432BEFB92800BB29D9 /* Tabbar With collectionView TableView */ = {
			isa = PBXGroup;
			children = (
				33ABCE442BEFB92800BB29D9 /* AppDelegate.swift */,
				33ABCE462BEFB92800BB29D9 /* SceneDelegate.swift */,
				33ABCE482BEFB92800BB29D9 /* ViewController.swift */,
				33ABCE4A2BEFB92800BB29D9 /* Main.storyboard */,
				33A1563F2BF24B4D0043F8D7 /* customCollectionViewCell.swift */,
				33A1563B2BF23D4B0043F8D7 /* customCollectionView.swift */,
				33A1563D2BF23D880043F8D7 /* customTabelView.swift */,
				33A156412BF24FF90043F8D7 /* ApiData.swift */,
				33ABCE4D2BEFB92B00BB29D9 /* Assets.xcassets */,
				33ABCE4F2BEFB92B00BB29D9 /* LaunchScreen.storyboard */,
				33ABCE522BEFB92B00BB29D9 /* Info.plist */,
			);
			path = "Tabbar With collectionView TableView";
			sourceTree = "<group>";
		};
/* End PBXGroup section */

/* Begin PBXNativeTarget section */
		33ABCE402BEFB92800BB29D9 /* Tabbar With collectionView TableView */ = {
			isa = PBXNativeTarget;
			buildConfigurationList = 33ABCE552BEFB92B00BB29D9 /* Build configuration list for PBXNativeTarget "Tabbar With collectionView TableView" */;
			buildPhases = (
				33ABCE3D2BEFB92800BB29D9 /* Sources */,
				33ABCE3E2BEFB92800BB29D9 /* Frameworks */,
				33ABCE3F2BEFB92800BB29D9 /* Resources */,
			);
			buildRules = (
			);
			dependencies = (
			);
			name = "Tabbar With collectionView TableView";
			productName = "Tabbar With collectionView TableView";
			productReference = 33ABCE412BEFB92800BB29D9 /* Tabbar With collectionView TableView.app */;
			productType = "com.apple.product-type.application";
		};
/* End PBXNativeTarget section */

/* Begin PBXProject section */
		33ABCE392BEFB92800BB29D9 /* Project object */ = {
			isa = PBXProject;
			attributes = {
				BuildIndependentTargetsInParallel = 1;
				LastSwiftUpdateCheck = 1530;
				LastUpgradeCheck = 1530;
				TargetAttributes = {
					33ABCE402BEFB92800BB29D9 = {
						CreatedOnToolsVersion = 15.3;
					};
				};
			};
			buildConfigurationList = 33ABCE3C2BEFB92800BB29D9 /* Build configuration list for PBXProject "Tabbar With collectionView TableView" */;
			compatibilityVersion = "Xcode 14.0";
			developmentRegion = en;
			hasScannedForEncodings = 0;
			knownRegions = (
				en,
				Base,
			);
			mainGroup = 33ABCE382BEFB92800BB29D9;
			productRefGroup = 33ABCE422BEFB92800BB29D9 /* Products */;
			projectDirPath = "";
			projectRoot = "";
			targets = (
				33ABCE402BEFB92800BB29D9 /* Tabbar With collectionView TableView */,
			);
		};
/* End PBXProject section */

/* Begin PBXResourcesBuildPhase section */
		33ABCE3F2BEFB92800BB29D9 /* Resources */ = {
			isa = PBXResourcesBuildPhase;
			buildActionMask = 2147483647;
			files = (
				33ABCE4E2BEFB92B00BB29D9 /* Assets.xcassets in Resources */,
				33ABCE512BEFB92B00BB29D9 /* Base in Resources */,
				33ABCE4C2BEFB92800BB29D9 /* Base in Resources */,
			);
			runOnlyForDeploymentPostprocessing = 0;
		};
/* End PBXResourcesBuildPhase section */

/* Begin PBXSourcesBuildPhase section */
		33ABCE3D2BEFB92800BB29D9 /* Sources */ = {
			isa = PBXSourcesBuildPhase;
			buildActionMask = 2147483647;
			files = (
				33ABCE492BEFB92800BB29D9 /* ViewController.swift in Sources */,
				33A1563E2BF23D880043F8D7 /* customTabelView.swift in Sources */,
				33ABCE452BEFB92800BB29D9 /* AppDelegate.swift in Sources */,
				33A156402BF24B4D0043F8D7 /* customCollectionViewCell.swift in Sources */,
				33ABCE472BEFB92800BB29D9 /* SceneDelegate.swift in Sources */,
				33A1563C2BF23D4B0043F8D7 /* customCollectionView.swift in Sources */,
				33A156422BF24FF90043F8D7 /* ApiData.swift in Sources */,
			);
			runOnlyForDeploymentPostprocessing = 0;
		};
/* End PBXSourcesBuildPhase section */

/* Begin PBXVariantGroup section */
		33ABCE4A2BEFB92800BB29D9 /* Main.storyboard */ = {
			isa = PBXVariantGroup;
			children = (
				33ABCE4B2BEFB92800BB29D9 /* Base */,
			);
			name = Main.storyboard;
			sourceTree = "<group>";
		};
		33ABCE4F2BEFB92B00BB29D9 /* LaunchScreen.storyboard */ = {
			isa = PBXVariantGroup;
			children = (
				33ABCE502BEFB92B00BB29D9 /* Base */,
			);
			name = LaunchScreen.storyboard;
			sourceTree = "<group>";
		};
/* End PBXVariantGroup section */

/* Begin XCBuildConfiguration section */
		33ABCE532BEFB92B00BB29D9 /* Debug */ = {
			isa = XCBuildConfiguration;
			buildSettings = {
				ALWAYS_SEARCH_USER_PATHS = NO;
				ASSETCATALOG_COMPILER_GENERATE_SWIFT_ASSET_SYMBOL_EXTENSIONS = YES;
				CLANG_ANALYZER_NONNULL = YES;
				CLANG_ANALYZER_NUMBER_OBJECT_CONVERSION = YES_AGGRESSIVE;
				CLANG_CXX_LANGUAGE_STANDARD = "gnu++20";
				CLANG_ENABLE_MODULES = YES;
				CLANG_ENABLE_OBJC_ARC = YES;
				CLANG_ENABLE_OBJC_WEAK = YES;
				CLANG_WARN_BLOCK_CAPTURE_AUTORELEASING = YES;
				CLANG_WARN_BOOL_CONVERSION = YES;
				CLANG_WARN_COMMA = YES;
				CLANG_WARN_CONSTANT_CONVERSION = YES;
				CLANG_WARN_DEPRECATED_OBJC_IMPLEMENTATIONS = YES;
				CLANG_WARN_DIRECT_OBJC_ISA_USAGE = YES_ERROR;
				CLANG_WARN_DOCUMENTATION_COMMENTS = YES;
				CLANG_WARN_EMPTY_BODY = YES;
				CLANG_WARN_ENUM_CONVERSION = YES;
				CLANG_WARN_INFINITE_RECURSION = YES;
				CLANG_WARN_INT_CONVERSION = YES;
				CLANG_WARN_NON_LITERAL_NULL_CONVERSION = YES;
				CLANG_WARN_OBJC_IMPLICIT_RETAIN_SELF = YES;
				CLANG_WARN_OBJC_LITERAL_CONVERSION = YES;
				CLANG_WARN_OBJC_ROOT_CLASS = YES_ERROR;
				CLANG_WARN_QUOTED_INCLUDE_IN_FRAMEWORK_HEADER = YES;
				CLANG_WARN_RANGE_LOOP_ANALYSIS = YES;
				CLANG_WARN_STRICT_PROTOTYPES = YES;
				CLANG_WARN_SUSPICIOUS_MOVE = YES;
				CLANG_WARN_UNGUARDED_AVAILABILITY = YES_AGGRESSIVE;
				CLANG_WARN_UNREACHABLE_CODE = YES;
				CLANG_WARN__DUPLICATE_METHOD_MATCH = YES;
				COPY_PHASE_STRIP = NO;
				DEBUG_INFORMATION_FORMAT = dwarf;
				ENABLE_STRICT_OBJC_MSGSEND = YES;
				ENABLE_TESTABILITY = YES;
				ENABLE_USER_SCRIPT_SANDBOXING = YES;
				GCC_C_LANGUAGE_STANDARD = gnu17;
				GCC_DYNAMIC_NO_PIC = NO;
				GCC_NO_COMMON_BLOCKS = YES;
				GCC_OPTIMIZATION_LEVEL = 0;
				GCC_PREPROCESSOR_DEFINITIONS = (
					"DEBUG=1",
					"$(inherited)",
				);
				GCC_WARN_64_TO_32_BIT_CONVERSION = YES;
				GCC_WARN_ABOUT_RETURN_TYPE = YES_ERROR;
				GCC_WARN_UNDECLARED_SELECTOR = YES;
				GCC_WARN_UNINITIALIZED_AUTOS = YES_AGGRESSIVE;
				GCC_WARN_UNUSED_FUNCTION = YES;
				GCC_WARN_UNUSED_VARIABLE = YES;
				IPHONEOS_DEPLOYMENT_TARGET = 17.4;
				LOCALIZATION_PREFERS_STRING_CATALOGS = YES;
				MTL_ENABLE_DEBUG_INFO = INCLUDE_SOURCE;
				MTL_FAST_MATH = YES;
				ONLY_ACTIVE_ARCH = YES;
				SDKROOT = iphoneos;
				SWIFT_ACTIVE_COMPILATION_CONDITIONS = "DEBUG $(inherited)";
				SWIFT_OPTIMIZATION_LEVEL = "-Onone";
			};
			name = Debug;
		};
		33ABCE542BEFB92B00BB29D9 /* Release */ = {
			isa = XCBuildConfiguration;
			buildSettings = {
				ALWAYS_SEARCH_USER_PATHS = NO;
				ASSETCATALOG_COMPILER_GENERATE_SWIFT_ASSET_SYMBOL_EXTENSIONS = YES;
				CLANG_ANALYZER_NONNULL = YES;
				CLANG_ANALYZER_NUMBER_OBJECT_CONVERSION = YES_AGGRESSIVE;
				CLANG_CXX_LANGUAGE_STANDARD = "gnu++20";
				CLANG_ENABLE_MODULES = YES;
				CLANG_ENABLE_OBJC_ARC = YES;
				CLANG_ENABLE_OBJC_WEAK = YES;
				CLANG_WARN_BLOCK_CAPTURE_AUTORELEASING = YES;
				CLANG_WARN_BOOL_CONVERSION = YES;
				CLANG_WARN_COMMA = YES;
				CLANG_WARN_CONSTANT_CONVERSION = YES;
				CLANG_WARN_DEPRECATED_OBJC_IMPLEMENTATIONS = YES;
				CLANG_WARN_DIRECT_OBJC_ISA_USAGE = YES_ERROR;
				CLANG_WARN_DOCUMENTATION_COMMENTS = YES;
				CLANG_WARN_EMPTY_BODY = YES;
				CLANG_WARN_ENUM_CONVERSION = YES;
				CLANG_WARN_INFINITE_RECURSION = YES;
				CLANG_WARN_INT_CONVERSION = YES;
				CLANG_WARN_NON_LITERAL_NULL_CONVERSION = YES;
				CLANG_WARN_OBJC_IMPLICIT_RETAIN_SELF = YES;
				CLANG_WARN_OBJC_LITERAL_CONVERSION = YES;
				CLANG_WARN_OBJC_ROOT_CLASS = YES_ERROR;
				CLANG_WARN_QUOTED_INCLUDE_IN_FRAMEWORK_HEADER = YES;
				CLANG_WARN_RANGE_LOOP_ANALYSIS = YES;
				CLANG_WARN_STRICT_PROTOTYPES = YES;
				CLANG_WARN_SUSPICIOUS_MOVE = YES;
				CLANG_WARN_UNGUARDED_AVAILABILITY = YES_AGGRESSIVE;
				CLANG_WARN_UNREACHABLE_CODE = YES;
				CLANG_WARN__DUPLICATE_METHOD_MATCH = YES;
				COPY_PHASE_STRIP = NO;
				DEBUG_INFORMATION_FORMAT = "dwarf-with-dsym";
				ENABLE_NS_ASSERTIONS = NO;
				ENABLE_STRICT_OBJC_MSGSEND = YES;
				ENABLE_USER_SCRIPT_SANDBOXING = YES;
				GCC_C_LANGUAGE_STANDARD = gnu17;
				GCC_NO_COMMON_BLOCKS = YES;
				GCC_WARN_64_TO_32_BIT_CONVERSION = YES;
				GCC_WARN_ABOUT_RETURN_TYPE = YES_ERROR;
				GCC_WARN_UNDECLARED_SELECTOR = YES;
				GCC_WARN_UNINITIALIZED_AUTOS = YES_AGGRESSIVE;
				GCC_WARN_UNUSED_FUNCTION = YES;
				GCC_WARN_UNUSED_VARIABLE = YES;
				IPHONEOS_DEPLOYMENT_TARGET = 17.4;
				LOCALIZATION_PREFERS_STRING_CATALOGS = YES;
				MTL_ENABLE_DEBUG_INFO = NO;
				MTL_FAST_MATH = YES;
				SDKROOT = iphoneos;
				SWIFT_COMPILATION_MODE = wholemodule;
				VALIDATE_PRODUCT = YES;
			};
			name = Release;
		};
		33ABCE562BEFB92B00BB29D9 /* Debug */ = {
			isa = XCBuildConfiguration;
			buildSettings = {
				ASSETCATALOG_COMPILER_APPICON_NAME = AppIcon;
				ASSETCATALOG_COMPILER_GLOBAL_ACCENT_COLOR_NAME = AccentColor;
				CODE_SIGN_STYLE = Automatic;
				CURRENT_PROJECT_VERSION = 1;
				GENERATE_INFOPLIST_FILE = YES;
				INFOPLIST_FILE = "Tabbar With collectionView TableView/Info.plist";
				INFOPLIST_KEY_UIApplicationSupportsIndirectInputEvents = YES;
				INFOPLIST_KEY_UILaunchStoryboardName = LaunchScreen;
				INFOPLIST_KEY_UIMainStoryboardFile = Main;
				INFOPLIST_KEY_UISupportedInterfaceOrientations_iPad = "UIInterfaceOrientationPortrait UIInterfaceOrientationPortraitUpsideDown UIInterfaceOrientationLandscapeLeft UIInterfaceOrientationLandscapeRight";
				INFOPLIST_KEY_UISupportedInterfaceOrientations_iPhone = "UIInterfaceOrientationPortrait UIInterfaceOrientationLandscapeLeft UIInterfaceOrientationLandscapeRight";
				LD_RUNPATH_SEARCH_PATHS = (
					"$(inherited)",
					"@executable_path/Frameworks",
				);
				MARKETING_VERSION = 1.0;
				PRODUCT_BUNDLE_IDENTIFIER = "Ankit-Maurya.Tabbar-With-collectionView-TableView";
				PRODUCT_NAME = "$(TARGET_NAME)";
				SWIFT_EMIT_LOC_STRINGS = YES;
				SWIFT_VERSION = 5.0;
				TARGETED_DEVICE_FAMILY = "1,2";
			};
			name = Debug;
		};
		33ABCE572BEFB92B00BB29D9 /* Release */ = {
			isa = XCBuildConfiguration;
			buildSettings = {
				ASSETCATALOG_COMPILER_APPICON_NAME = AppIcon;
				ASSETCATALOG_COMPILER_GLOBAL_ACCENT_COLOR_NAME = AccentColor;
				CODE_SIGN_STYLE = Automatic;
				CURRENT_PROJECT_VERSION = 1;
				GENERATE_INFOPLIST_FILE = YES;
				INFOPLIST_FILE = "Tabbar With collectionView TableView/Info.plist";
				INFOPLIST_KEY_UIApplicationSupportsIndirectInputEvents = YES;
				INFOPLIST_KEY_UILaunchStoryboardName = LaunchScreen;
				INFOPLIST_KEY_UIMainStoryboardFile = Main;
				INFOPLIST_KEY_UISupportedInterfaceOrientations_iPad = "UIInterfaceOrientationPortrait UIInterfaceOrientationPortraitUpsideDown UIInterfaceOrientationLandscapeLeft UIInterfaceOrientationLandscapeRight";
				INFOPLIST_KEY_UISupportedInterfaceOrientations_iPhone = "UIInterfaceOrientationPortrait UIInterfaceOrientationLandscapeLeft UIInterfaceOrientationLandscapeRight";
				LD_RUNPATH_SEARCH_PATHS = (
					"$(inherited)",
					"@executable_path/Frameworks",
				);
				MARKETING_VERSION = 1.0;
				PRODUCT_BUNDLE_IDENTIFIER = "Ankit-Maurya.Tabbar-With-collectionView-TableView";
				PRODUCT_NAME = "$(TARGET_NAME)";
				SWIFT_EMIT_LOC_STRINGS = YES;
				SWIFT_VERSION = 5.0;
				TARGETED_DEVICE_FAMILY = "1,2";
			};
			name = Release;
		};
/* End XCBuildConfiguration section */

/* Begin XCConfigurationList section */
		33ABCE3C2BEFB92800BB29D9 /* Build configuration list for PBXProject "Tabbar With collectionView TableView" */ = {
			isa = XCConfigurationList;
			buildConfigurations = (
				33ABCE532BEFB92B00BB29D9 /* Debug */,
				33ABCE542BEFB92B00BB29D9 /* Release */,
			);
			defaultConfigurationIsVisible = 0;
			defaultConfigurationName = Release;
		};
		33ABCE552BEFB92B00BB29D9 /* Build configuration list for PBXNativeTarget "Tabbar With collectionView TableView" */ = {
			isa = XCConfigurationList;
			buildConfigurations = (
				33ABCE562BEFB92B00BB29D9 /* Debug */,
				33ABCE572BEFB92B00BB29D9 /* Release */,
			);
			defaultConfigurationIsVisible = 0;
			defaultConfigurationName = Release;
		};
/* End XCConfigurationList section */
	};
	rootObject = 33ABCE392BEFB92800BB29D9 /* Project object */;
}
